
Microsoft Visual Studio Solution File, Format Version 12.00
# Visual Studio Version 16
VisualStudioVersion = 16.0.31019.35
MinimumVisualStudioVersion = 10.0.40219.1
Project("{FAE04EC0-301F-11D3-BF4B-00C04F79EFBC}") = "IPT_ASSIGNMENT_Q2_SCRAPING", "IPT_ASSIGNMENT_Q2_SCRAPING\IPT_ASSIGNMENT_Q2_SCRAPING.csproj", "{A43F33BD-73B4-48D7-B35A-D7E1C647CBF8}"
EndProject
Global
	GlobalSection(SolutionConfigurationPlatforms) = preSolution
		Debug|Any CPU = Debug|Any CPU
		Release|Any CPU = Release|Any CPU
	EndGlobalSection
	GlobalSection(ProjectConfigurationPlatforms) = postSolution
		{A43F33BD-73B4-48D7-B35A-D7E1C647CBF8}.Debug|Any CPU.ActiveCfg = Debug|Any CPU
		{A43F33BD-73B4-48D7-B35A-D7E1C647CBF8}.Debug|Any CPU.Build.0 = Debug|Any CPU
		{A43F33BD-73B4-48D7-B35A-D7E1C647CBF8}.Release|Any CPU.ActiveCfg = Release|Any CPU
		{A43F33BD-73B4-48D7-B35A-D7E1C647CBF8}.Release|Any CPU.Build.0 = Release|Any CPU
	EndGlobalSection
	GlobalSection(SolutionProperties) = preSolution
		HideSolutionNode = FALSE
	EndGlobalSection
	GlobalSection(ExtensibilityGlobals) = postSolution
		SolutionGuid = {5F646E66-5A30-4091-9D53-6E4774FBB70F}
	EndGlobalSection
EndGlobal
