
Microsoft Visual Studio Solution File, Format Version 12.00
# Visual Studio Version 16
VisualStudioVersion = 16.0.31019.35
MinimumVisualStudioVersion = 10.0.40219.1
Project("{FAE04EC0-301F-11D3-BF4B-00C04F79EFBC}") = "IPT_ASSIGNMENT_Q4_JSON", "IPT_ASSIGNMENT_Q4_JSON\IPT_ASSIGNMENT_Q4_JSON.csproj", "{0F26A879-7D7E-4198-95C6-C4DD3E782FA4}"
EndProject
Global
	GlobalSection(SolutionConfigurationPlatforms) = preSolution
		Debug|Any CPU = Debug|Any CPU
		Release|Any CPU = Release|Any CPU
	EndGlobalSection
	GlobalSection(ProjectConfigurationPlatforms) = postSolution
		{0F26A879-7D7E-4198-95C6-C4DD3E782FA4}.Debug|Any CPU.ActiveCfg = Debug|Any CPU
		{0F26A879-7D7E-4198-95C6-C4DD3E782FA4}.Debug|Any CPU.Build.0 = Debug|Any CPU
		{0F26A879-7D7E-4198-95C6-C4DD3E782FA4}.Release|Any CPU.ActiveCfg = Release|Any CPU
		{0F26A879-7D7E-4198-95C6-C4DD3E782FA4}.Release|Any CPU.Build.0 = Release|Any CPU
	EndGlobalSection
	GlobalSection(SolutionProperties) = preSolution
		HideSolutionNode = FALSE
	EndGlobalSection
	GlobalSection(ExtensibilityGlobals) = postSolution
		SolutionGuid = {D6B2ACF8-7A45-464F-BF62-675690260097}
	EndGlobalSection
EndGlobal
